{
  "version": "5",
  "redirects": {
    "https://esm.sh/@supabase/supabase-js@2": "https://esm.sh/@supabase/supabase-js@2.110.8",
    "https://esm.sh/@upstash/redis": "https://esm.sh/@upstash/redis@1.38.0",
    "https://esm.sh/iceberg-js@^0.8.1?target=denonext": "https://esm.sh/iceberg-js@0.8.1?target=denonext",
    "https://esm.sh/uncrypto@^0.1.3?target=denonext": "https://esm.sh/uncrypto@0.1.3?target=denonext"
  },
  "remote": {
    "https://deno.land/std@0.168.0/async/abortable.ts": "80b2ac399f142cc528f95a037a7d0e653296352d95c681e284533765961de409",
    "https://deno.land/std@0.168.0/async/deadline.ts": "2c2deb53c7c28ca1dda7a3ad81e70508b1ebc25db52559de6b8636c9278fd41f",
    "https://deno.land/std@0.168.0/async/debounce.ts": "60301ffb37e730cd2d6f9dadfd0ecb2a38857681bd7aaf6b0a106b06e5210a98",
    "https://deno.land/std@0.168.0/async/deferred.ts": "77d3f84255c3627f1cc88699d8472b664d7635990d5358c4351623e098e917d6",
    "https://deno.land/std@0.168.0/async/delay.ts": "5a9bfba8de38840308a7a33786a0155a7f6c1f7a859558ddcec5fe06e16daf57",
    "https://deno.land/std@0.168.0/async/mod.ts": "7809ad4bb223e40f5fdc043e5c7ca04e0e25eed35c32c3c32e28697c553fa6d9",
    "https://deno.land/std@0.168.0/async/mux_async_iterator.ts": "770a0ff26c59f8bbbda6b703a2235f04e379f73238e8d66a087edc68c2a2c35f",
    "https://deno.land/std@0.168.0/async/pool.ts": "6854d8cd675a74c73391c82005cbbe4cc58183bddcd1fbbd7c2bcda42b61cf69",
    "https://deno.land/std@0.168.0/async/retry.ts": "e8e5173623915bbc0ddc537698fa418cf875456c347eda1ed453528645b42e67",
    "https://deno.land/std@0.168.0/async/tee.ts": "3a47cc4e9a940904fd4341f0224907e199121c80b831faa5ec2b054c6d2eff5e",
    "https://deno.land/std@0.168.0/http/server.ts": "e99c1bee8a3f6571ee4cdeb2966efad465b8f6fe62bec1bdb59c1f007cc4d155",
    "https://deno.land/std@0.177.0/async/abortable.ts": "73acfb3ed7261ce0d930dbe89e43db8d34e017b063cf0eaa7d215477bf53442e",
    "https://deno.land/std@0.177.0/async/deadline.ts": "c5facb0b404eede83e38bd2717ea8ab34faa2ffb20ef87fd261fcba32ba307aa",
    "https://deno.land/std@0.177.0/async/debounce.ts": "adab11d04ca38d699444ac8a9d9856b4155e8dda2afd07ce78276c01ea5a4332",
    "https://deno.land/std@0.177.0/async/deferred.ts": "42790112f36a75a57db4a96d33974a936deb7b04d25c6084a9fa8a49f135def8",
    "https://deno.land/std@0.177.0/async/delay.ts": "73aa04cec034c84fc748c7be49bb15cac3dd43a57174bfdb7a4aec22c248f0dd",
    "https://deno.land/std@0.177.0/async/mod.ts": "f04344fa21738e5ad6bea37a6bfffd57c617c2d372bb9f9dcfd118a1b622e576",
    "https://deno.land/std@0.177.0/async/mux_async_iterator.ts": "70c7f2ee4e9466161350473ad61cac0b9f115cff4c552eaa7ef9d50c4cbb4cc9",
    "https://deno.land/std@0.177.0/async/pool.ts": "fd082bd4aaf26445909889435a5c74334c017847842ec035739b4ae637ae8260",
    "https://deno.land/std@0.177.0/async/retry.ts": "5efa3ba450ac0c07a40a82e2df296287b5013755d232049efd7ea2244f15b20f",
    "https://deno.land/std@0.177.0/async/tee.ts": "47e42d35f622650b02234d43803d0383a89eb4387e1b83b5a40106d18ae36757",
    "https://deno.land/std@0.177.0/http/server.ts": "cbb17b594651215ba95c01a395700684e569c165a567e4e04bba327f41197433",
    "https://deno.land/std@0.99.0/_util/assert.ts": "2f868145a042a11d5ad0a3c748dcf580add8a0dbc0e876eaa0026303a5488f58",
    "https://deno.land/std@0.99.0/_util/os.ts": "e282950a0eaa96760c0cf11e7463e66babd15ec9157d4c9ed49cc0925686f6a7",
    "https://deno.land/std@0.99.0/path/_constants.ts": "1247fee4a79b70c89f23499691ef169b41b6ccf01887a0abd131009c5581b853",
    "https://deno.land/std@0.99.0/path/_interface.ts": "1fa73b02aaa24867e481a48492b44f2598cd9dfa513c7b34001437007d3642e4",
    "https://deno.land/std@0.99.0/path/_util.ts": "2e06a3b9e79beaf62687196bd4b60a4c391d862cfa007a20fc3a39f778ba073b",
    "https://deno.land/std@0.99.0/path/common.ts": "eaf03d08b569e8a87e674e4e265e099f237472b6fd135b3cbeae5827035ea14a",
    "https://deno.land/std@0.99.0/path/glob.ts": "314ad9ff263b895795208cdd4d5e35a44618ca3c6dd155e226fb15d065008652",
    "https://deno.land/std@0.99.0/path/mod.ts": "4465dc494f271b02569edbb4a18d727063b5dbd6ed84283ff906260970a15d12",
    "https://deno.land/std@0.99.0/path/posix.ts": "f56c3c99feb47f30a40ce9d252ef6f00296fa7c0fcb6dd81211bdb3b8b99ca3b",
    "https://deno.land/std@0.99.0/path/separator.ts": "8fdcf289b1b76fd726a508f57d3370ca029ae6976fcde5044007f062e643ff1c",
    "https://deno.land/std@0.99.0/path/win32.ts": "77f7b3604e0de40f3a7c698e8a79e7f601dc187035a1c21cb1e596666ce112f8",
    "https://deno.land/x/media_types@v2.9.0/db.ts": "ba39cddbcefce47d577c0529066787a3a7b39d27750a6d32b5ad53ed487e7b7b",
    "https://deno.land/x/media_types@v2.9.0/deps.ts": "364b24c35845cfd5c6903ab22b8ba9873bf1022bbbf6bf3d001695332d4bbb4f",
    "https://deno.land/x/media_types@v2.9.0/mod.ts": "d63583b978d32eff8b76e1ae5d83cba2fb27baa90cc1bcb0ad15a06122ea8c19",
    "https://deno.land/x/xhr@0.1.0/mod.ts": "5200325d879e571961f0927e8e32e66fd33f4ba0d29a219560cf9e0fe9bc6cdf",
    "https://esm.sh/@supabase/auth-js@2.110.8/denonext/auth-js.mjs": "83281dd97f0ecc0e22fe53e5c45d6720f64247421eaa444e516b7c77e2890d08",
    "https://esm.sh/@supabase/functions-js@2.110.8/denonext/functions-js.mjs": "96731d9e0375d60f2e510288cc38c805e752e5f4407c161320e85b114872e128",
    "https://esm.sh/@supabase/phoenix@0.4.5/denonext/phoenix.mjs": "40bd2a70829cd847848baac58e635bacd83fd62188f6624b44e2c295341004eb",
    "https://esm.sh/@supabase/postgrest-js@2.110.8/denonext/postgrest-js.mjs": "3fe9b0f0242b22f91593630f7ad4fb5ae5697397bd1ea68b6c392ec77da65e33",
    "https://esm.sh/@supabase/realtime-js@2.110.8/denonext/realtime-js.mjs": "7095c973828e88c6e326f529e7f8eac6ac9542f59e0ecddfdbbf673f7e3280cd",
    "https://esm.sh/@supabase/storage-js@2.110.8/denonext/storage-js.mjs": "6aaf8acf249dd40db52a4b46c4a3ff23cd1f110c06030cc2f966755557273149",
    "https://esm.sh/@supabase/supabase-js@2.110.8": "3fe5b529aba9ea7d19e980feb977d4da1f9300cb5378942b32f1522c21649623",
    "https://esm.sh/@supabase/supabase-js@2.110.8/denonext/supabase-js.mjs": "cbc4dc3f19df167306090a1df41644b9e88869a7925e850c9289a9b669827ba3",
    "https://esm.sh/@upstash/redis@1.38.0": "9566df32e8749025c9930e95a4366d3bdf3cf4230832d15e295782bfbb46c3ef",
    "https://esm.sh/@upstash/redis@1.38.0/denonext/chunk-2X4SLXT7.mjs": "c3b35b93f6a1ccb8f6e9dfd67e798ac4b9da16e3e32303f5304eb5515d1fc3a1",
    "https://esm.sh/@upstash/redis@1.38.0/denonext/redis.mjs": "61c9a34c00df0ce8665a0f1242662fa0987dbb78bcf43c2e65e466f3f6d79fc5",
    "https://esm.sh/iceberg-js@0.8.1/denonext/iceberg-js.mjs": "d839d81a2e3966500ca2cdd0c1cb458e9608bacfc91f7bb67a69b2e878dcdb4f",
    "https://esm.sh/iceberg-js@0.8.1?target=denonext": "58c849d7fe2bf4eca4a84eb501e83c161a7d8c34ca1bec15a962b3bec3062633",
    "https://esm.sh/tslib@2.8.1/denonext/tslib.mjs": "c38da5dd6da6281964435002ce204cd586634fe3bdfb24a0ee116f48cf3292e9",
    "https://esm.sh/uncrypto@0.1.3/denonext/uncrypto.mjs": "610754e3fadd2110d6623dc68ce172f530491167504ce8b1b886c9e071cfe14f",
    "https://esm.sh/uncrypto@0.1.3?target=denonext": "bc6d905780a009deb8e198516e0b404a22cb7ca992fbd372fef508e0ad534e02"
  },
  "workspace": {
    "packageJson": {
      "dependencies": [
        "npm:@ai-sdk/react@^4.0.109",
        "npm:@base-ui/react@^1.7.0",
        "npm:@dnd-kit/core@^6.3.1",
        "npm:@dnd-kit/sortable@10",
        "npm:@dnd-kit/utilities@^3.2.2",
        "npm:@eslint/eslintrc@^3.3.5",
        "npm:@heroicons/react@^2.2.0",
        "npm:@hookform/resolvers@^5.2.2",
        "npm:@number-flow/react@~0.6.1",
        "npm:@onboardjs/core@^1.0.0-rc.3",
        "npm:@onboardjs/react@^1.0.0-rc.3",
        "npm:@opentelemetry/api-logs@0.220",
        "npm:@opentelemetry/api@^1.9.1",
        "npm:@opentelemetry/core@^2.9.0",
        "npm:@opentelemetry/exporter-logs-otlp-http@0.220",
        "npm:@opentelemetry/resources@^2.9.0",
        "npm:@opentelemetry/sdk-logs@0.220",
        "npm:@phosphor-icons/react@^2.1.7",
        "npm:@playwright/test@^1.61.1",
        "npm:@react-three/drei@^10.7.7",
        "npm:@react-three/fiber@^9.5.0",
        "npm:@rive-app/react-webgl2@^4.27.0",
        "npm:@shadcn/react@~0.2.1",
        "npm:@streamdown/cjk@^1.0.2",
        "npm:@streamdown/code@^1.1.0",
        "npm:@streamdown/math@^1.0.2",
        "npm:@streamdown/mermaid@^1.0.2",
        "npm:@supabase/ssr@0.8",
        "npm:@supabase/supabase-js@^2.98.0",
        "npm:@tailwindcss/postcss@^4.2.1",
        "npm:@tanstack/react-query@^5.90.21",
        "npm:@tanstack/react-table@^8.21.3",
        "npm:@tanstack/react-virtual@^3.13.21",
        "npm:@testing-library/dom@^10.4.1",
        "npm:@testing-library/react@^16.3.2",
        "npm:@thesvg/icons@^3.0.10",
        "npm:@types/bun@^1.4.0",
        "npm:@types/color@^4.2.1",
        "npm:@types/d3-array@^3.2.1",
        "npm:@types/d3-geo@^3.1.0",
        "npm:@types/d3-shape@^3.1.7",
        "npm:@types/geojson@^7946.0.16",
        "npm:@types/node@^20.19.37",
        "npm:@types/react-dom@^19.2.3",
        "npm:@types/react@^19.2.14",
        "npm:@types/three@0.182",
        "npm:@types/uuid@10",
        "npm:@upstash/redis@^1.37.0",
        "npm:@vercel/analytics@^1.6.1",
        "npm:@vercel/speed-insights@^1.3.1",
        "npm:@visx/curve@4.0.1-alpha.0",
        "npm:@visx/event@4.0.1-alpha.0",
        "npm:@visx/geo@4.0.1-alpha.0",
        "npm:@visx/gradient@4.0.1-alpha.0",
        "npm:@visx/grid@4.0.1-alpha.0",
        "npm:@visx/group@4.0.1-alpha.0",
        "npm:@visx/heatmap@4.0.1-alpha.0",
        "npm:@visx/pattern@4.0.1-alpha.0",
        "npm:@visx/responsive@4.0.1-alpha.0",
        "npm:@visx/scale@4.0.1-alpha.0",
        "npm:@visx/shape@4.0.1-alpha.0",
        "npm:@visx/zoom@4.0.1-alpha.0",
        "npm:@xyflow/react@^12.10.1",
        "npm:ai@^7.0.106",
        "npm:ansi-to-react@^6.2.6",
        "npm:baseline-browser-mapping@^2.10.0",
        "npm:class-variance-authority@~0.7.1",
        "npm:clsx@^2.1.1",
        "npm:cmdk@^1.1.1",
        "npm:cn@~0.2.5",
        "npm:color@^5.0.3",
        "npm:croner@^10.0.1",
        "npm:d3-array@^3.2.4",
        "npm:d3-geo@^3.1.1",
        "npm:d3-scale@^4.0.2",
        "npm:d3-shape@^3.2.0",
        "npm:date-fns@^4.1.0",
        "npm:embla-carousel-react@^8.6.0",
        "npm:embla-carousel@^8.6.0",
        "npm:eslint-config-next@15.5.4",
        "npm:eslint@^9.39.4",
        "npm:fflate@~0.8.2",
        "npm:geist@^1.7.2",
        "npm:gifenc@^1.0.3",
        "npm:happy-dom@^20.8.3",
        "npm:jotai@^2.18.0",
        "npm:jsdom@^28.1.0",
        "npm:jspdf@^2.5.2",
        "npm:katex@~0.16.47",
        "npm:lightweight-charts@^5.1.0",
        "npm:lucide-react@^1.27.0",
        "npm:lz-string@^1.5.0",
        "npm:maath@~0.10.8",
        "npm:maplibre-gl@^5.19.0",
        "npm:media-chrome@^4.18.0",
        "npm:mediabunny@^1.44.2",
        "npm:mixpanel-browser@^2.75.0",
        "npm:motion@^12.35.1",
        "npm:nanoid@^5.1.6",
        "npm:next-themes@~0.4.6",
        "npm:next@^16.3.1",
        "npm:posthog-js@^1.369.0",
        "npm:posthog-node@^5.29.2",
        "npm:react-day-picker@^9.14.0",
        "npm:react-dom@^19.2.4",
        "npm:react-dropzone@^14.4.1",
        "npm:react-hook-form@^7.71.2",
        "npm:react-jsx-parser@^2.4.1",
        "npm:react-resizable-panels@^4.7.2",
        "npm:react-simple-wysiwyg@^3.4.1",
        "npm:react-use-measure@^2.1.7",
        "npm:react@^19.2.4",
        "npm:recharts@^3.8.0",
        "npm:rehype-harden@^1.1.8",
        "npm:shadcn@^3.8.5",
        "npm:shiki@^3.23.0",
        "npm:stale-while-revalidate@0.2",
        "npm:streamdown@^2.4.0",
        "npm:supabase@^2.77.0",
        "npm:tailwind-merge@^3.5.0",
        "npm:tailwindcss@^4.2.1",
        "npm:three@0.182",
        "npm:tokenlens@^1.3.1",
        "npm:topojson-client@^3.1.0",
        "npm:ts-node@^10.9.2",
        "npm:tw-animate-css@^1.4.0",
        "npm:typescript@^5.9.3",
        "npm:use-stick-to-bottom@^1.1.6",
        "npm:uuid@13",
        "npm:vgpu@~0.4.1",
        "npm:vite@^7.3.1",
        "npm:world-atlas@^2.0.2",
        "npm:zod@^4.3.6",
        "npm:zustand@^5.0.11"
      ],
      "overrides": {
        "@radix-ui/react-primitive": "2.1.7"
      }
    },
    "members": {
      "packages/contracts": {
        "packageJson": {
          "dependencies": [
            "npm:fflate@~0.8.2",
            "npm:yaml@^2.5.0"
          ]
        }
      }
    }
  }
}
